
Microsoft Visual Studio Solution File, Format Version 12.00
# Visual Studio Version 16
VisualStudioVersion = 16.0.31321.278
MinimumVisualStudioVersion = 10.0.40219.1
Project("{FAE04EC0-301F-11D3-BF4B-00C04F79EFBC}") = "github-webapp", "github-webapp\github-webapp.csproj", "{228FC300-0DDA-4102-B7D8-A161297654B1}"
EndProject
Global
	GlobalSection(SolutionConfigurationPlatforms) = preSolution
		Debug|Any CPU = Debug|Any CPU
		Release|Any CPU = Release|Any CPU
	EndGlobalSection
	GlobalSection(ProjectConfigurationPlatforms) = postSolution
		{228FC300-0DDA-4102-B7D8-A161297654B1}.Debug|Any CPU.ActiveCfg = Debug|Any CPU
		{228FC300-0DDA-4102-B7D8-A161297654B1}.Debug|Any CPU.Build.0 = Debug|Any CPU
		{228FC300-0DDA-4102-B7D8-A161297654B1}.Release|Any CPU.ActiveCfg = Release|Any CPU
		{228FC300-0DDA-4102-B7D8-A161297654B1}.Release|Any CPU.Build.0 = Release|Any CPU
	EndGlobalSection
	GlobalSection(SolutionProperties) = preSolution
		HideSolutionNode = FALSE
	EndGlobalSection
	GlobalSection(ExtensibilityGlobals) = postSolution
		SolutionGuid = {DF7754BD-3A45-496B-BBDC-991B97802BA5}
	EndGlobalSection
EndGlobal
